
Microsoft Visual Studio Solution File, Format Version 12.00
# Visual Studio 15
VisualStudioVersion = 15.0.27004.2002
MinimumVisualStudioVersion = 10.0.40219.1
Project("{FAE04EC0-301F-11D3-BF4B-00C04F79EFBC}") = "DbLoger", "DbLoger\DbLoger.csproj", "{06FB283C-6A21-4A13-94B6-3B424141754A}"
EndProject
Global
	GlobalSection(SolutionConfigurationPlatforms) = preSolution
		Debug|Any CPU = Debug|Any CPU
		Release|Any CPU = Release|Any CPU
	EndGlobalSection
	GlobalSection(ProjectConfigurationPlatforms) = postSolution
		{06FB283C-6A21-4A13-94B6-3B424141754A}.Debug|Any CPU.ActiveCfg = Debug|Any CPU
		{06FB283C-6A21-4A13-94B6-3B424141754A}.Debug|Any CPU.Build.0 = Debug|Any CPU
		{06FB283C-6A21-4A13-94B6-3B424141754A}.Release|Any CPU.ActiveCfg = Release|Any CPU
		{06FB283C-6A21-4A13-94B6-3B424141754A}.Release|Any CPU.Build.0 = Release|Any CPU
	EndGlobalSection
	GlobalSection(SolutionProperties) = preSolution
		HideSolutionNode = FALSE
	EndGlobalSection
	GlobalSection(ExtensibilityGlobals) = postSolution
		SolutionGuid = {2F960382-ABC3-49E5-8F44-7D0912CF6108}
	EndGlobalSection
EndGlobal
